
Microsoft Visual Studio Solution File, Format Version 12.00
# Visual Studio Version 17
VisualStudioVersion = 17.2.32602.215
MinimumVisualStudioVersion = 10.0.40219.1
Project("{FAE04EC0-301F-11D3-BF4B-00C04F79EFBC}") = "managementdestudenti", "managementdestudenti\managementdestudenti.csproj", "{885EDD42-A0A5-43D6-BA0F-0FC302775F9D}"
EndProject
Global
	GlobalSection(SolutionConfigurationPlatforms) = preSolution
		Debug|Any CPU = Debug|Any CPU
		Release|Any CPU = Release|Any CPU
	EndGlobalSection
	GlobalSection(ProjectConfigurationPlatforms) = postSolution
		{885EDD42-A0A5-43D6-BA0F-0FC302775F9D}.Debug|Any CPU.ActiveCfg = Debug|Any CPU
		{885EDD42-A0A5-43D6-BA0F-0FC302775F9D}.Debug|Any CPU.Build.0 = Debug|Any CPU
		{885EDD42-A0A5-43D6-BA0F-0FC302775F9D}.Release|Any CPU.ActiveCfg = Release|Any CPU
		{885EDD42-A0A5-43D6-BA0F-0FC302775F9D}.Release|Any CPU.Build.0 = Release|Any CPU
	EndGlobalSection
	GlobalSection(SolutionProperties) = preSolution
		HideSolutionNode = FALSE
	EndGlobalSection
	GlobalSection(ExtensibilityGlobals) = postSolution
		SolutionGuid = {E706755C-2370-4312-BAD1-913FF9F80FEC}
	EndGlobalSection
EndGlobal
